
Microsoft Visual Studio Solution File, Format Version 12.00
# Visual Studio Version 17
VisualStudioVersion = 17.4.33213.308
MinimumVisualStudioVersion = 10.0.40219.1
Project("{FAE04EC0-301F-11D3-BF4B-00C04F79EFBC}") = "testt", "testt\testt.csproj", "{7BC6FBB8-263A-4FBD-B293-655D775B5E1F}"
EndProject
Global
	GlobalSection(SolutionConfigurationPlatforms) = preSolution
		Debug|Any CPU = Debug|Any CPU
		Release|Any CPU = Release|Any CPU
	EndGlobalSection
	GlobalSection(ProjectConfigurationPlatforms) = postSolution
		{7BC6FBB8-263A-4FBD-B293-655D775B5E1F}.Debug|Any CPU.ActiveCfg = Debug|Any CPU
		{7BC6FBB8-263A-4FBD-B293-655D775B5E1F}.Debug|Any CPU.Build.0 = Debug|Any CPU
		{7BC6FBB8-263A-4FBD-B293-655D775B5E1F}.Release|Any CPU.ActiveCfg = Release|Any CPU
		{7BC6FBB8-263A-4FBD-B293-655D775B5E1F}.Release|Any CPU.Build.0 = Release|Any CPU
	EndGlobalSection
	GlobalSection(SolutionProperties) = preSolution
		HideSolutionNode = FALSE
	EndGlobalSection
	GlobalSection(ExtensibilityGlobals) = postSolution
		SolutionGuid = {20BF9004-2B39-4CB5-9CDE-E32250DEB463}
	EndGlobalSection
EndGlobal
